
Microsoft Visual Studio Solution File, Format Version 12.00
# Visual Studio Version 17
VisualStudioVersion = 17.0.31903.59
MinimumVisualStudioVersion = 10.0.40219.1
Project("{2150E333-8FDC-42A3-9474-1A3956D46DE8}") = "src", "src", "{AEAF5EF1-8FFE-4C59-85A4-9B0F3A13C3A5}"
EndProject
Project("{FAE04EC0-301F-11D3-BF4B-00C04F79EFBC}") = "GradeBook", "src\GradeBook\GradeBook.csproj", "{909AA8C2-E52B-4120-A249-A268D27E73D5}"
EndProject
Project("{2150E333-8FDC-42A3-9474-1A3956D46DE8}") = "test", "test", "{70209E13-9267-4EF4-A091-7DB441E8F1A3}"
EndProject
Project("{FAE04EC0-301F-11D3-BF4B-00C04F79EFBC}") = "GradeBook.Test", "test\GradeBook.Test\GradeBook.Test.csproj", "{D0B0DC87-4E01-4DB1-802D-79040F6219D6}"
EndProject
Global
	GlobalSection(SolutionConfigurationPlatforms) = preSolution
		Debug|Any CPU = Debug|Any CPU
		Release|Any CPU = Release|Any CPU
	EndGlobalSection
	GlobalSection(SolutionProperties) = preSolution
		HideSolutionNode = FALSE
	EndGlobalSection
	GlobalSection(ProjectConfigurationPlatforms) = postSolution
		{909AA8C2-E52B-4120-A249-A268D27E73D5}.Debug|Any CPU.ActiveCfg = Debug|Any CPU
		{909AA8C2-E52B-4120-A249-A268D27E73D5}.Debug|Any CPU.Build.0 = Debug|Any CPU
		{909AA8C2-E52B-4120-A249-A268D27E73D5}.Release|Any CPU.ActiveCfg = Release|Any CPU
		{909AA8C2-E52B-4120-A249-A268D27E73D5}.Release|Any CPU.Build.0 = Release|Any CPU
		{D0B0DC87-4E01-4DB1-802D-79040F6219D6}.Debug|Any CPU.ActiveCfg = Debug|Any CPU
		{D0B0DC87-4E01-4DB1-802D-79040F6219D6}.Debug|Any CPU.Build.0 = Debug|Any CPU
		{D0B0DC87-4E01-4DB1-802D-79040F6219D6}.Release|Any CPU.ActiveCfg = Release|Any CPU
		{D0B0DC87-4E01-4DB1-802D-79040F6219D6}.Release|Any CPU.Build.0 = Release|Any CPU
	EndGlobalSection
	GlobalSection(NestedProjects) = preSolution
		{909AA8C2-E52B-4120-A249-A268D27E73D5} = {AEAF5EF1-8FFE-4C59-85A4-9B0F3A13C3A5}
		{D0B0DC87-4E01-4DB1-802D-79040F6219D6} = {70209E13-9267-4EF4-A091-7DB441E8F1A3}
	EndGlobalSection
EndGlobal
